<?xml version="1.0" encoding="utf-8"?>
<Project ToolsVersion="4.0" xmlns="http://schemas.microsoft.com/developer/msbuild/2003">
  <ItemGroup>
    <Filter Include="Исходные файлы">
      <UniqueIdentifier>{4FC737F1-C7A5-4376-A066-2A32D752A2FF}</UniqueIdentifier>
      <Extensions>cpp;c;cc;cxx;c++;cppm;ixx;def;odl;idl;hpj;bat;asm;asmx</Extensions>
    </Filter>
    <Filter Include="Файлы заголовков">
      <UniqueIdentifier>{93995380-89BD-4b04-88EB-625FBE52EBFB}</UniqueIdentifier>
      <Extensions>h;hh;hpp;hxx;h++;hm;inl;inc;ipp;xsd</Extensions>
    </Filter>
    <Filter Include="Файлы ресурсов">
      <UniqueIdentifier>{67DA6AB6-F800-4c08-8B7A-83BB121AAD01}</UniqueIdentifier>
      <Extensions>rc;ico;cur;bmp;dlg;rc2;rct;bin;rgs;gif;jpg;jpeg;jpe;resx;tiff;tif;png;wav;mfcribbon-ms</Extensions>
    </Filter>
    <Filter Include="Исходные файлы\WndPart">
      <UniqueIdentifier>{652b7ced-2b44-436e-84a6-4b372682a5cb}</UniqueIdentifier>
    </Filter>
    <Filter Include="Исходные файлы\Logic">
      <UniqueIdentifier>{7947fd65-148b-48f3-98e3-6016ac913016}</UniqueIdentifier>
    </Filter>
    <Filter Include="Файлы заголовков\Logic">
      <UniqueIdentifier>{a8b5e11f-ed07-4247-a9e4-cb8524f21333}</UniqueIdentifier>
    </Filter>
    <Filter Include="Файлы заголовков\WndPart">
      <UniqueIdentifier>{66112628-d62d-456a-a321-f56c4579b502}</UniqueIdentifier>
    </Filter>
    <Filter Include="Файлы ресурсов\RP">
      <UniqueIdentifier>{bd6acdac-ca8d-44aa-95b2-4f42947f726e}</UniqueIdentifier>
    </Filter>
    <Filter Include="Файлы ресурсов\BP">
      <UniqueIdentifier>{41a6d6f0-8b64-4a95-95aa-5bccc074f0f8}</UniqueIdentifier>
    </Filter>
    <Filter Include="Файлы ресурсов\Snake">
      <UniqueIdentifier>{04446523-793a-4211-90df-07481949cf19}</UniqueIdentifier>
    </Filter>
    <Filter Include="Файлы ресурсов\Meal">
      <UniqueIdentifier>{73c00f4f-a4cd-4066-9487-e18fe0d26135}</UniqueIdentifier>
    </Filter>
    <Filter Include="Файлы ресурсов\Sounds">
      <UniqueIdentifier>{22e1abc6-51f2-42b6-9458-f3937a66b5de}</UniqueIdentifier>
    </Filter>
  </ItemGroup>
  <ItemGroup>
    <ClInclude Include="Stuff.hpp">
      <Filter>Файлы заголовков</Filter>
    </ClInclude>
    <ClInclude Include="Snake\Snake.hpp">
      <Filter>Файлы заголовков\Logic</Filter>
    </ClInclude>
    <ClInclude Include="Singleton\Singleton.hpp">
      <Filter>Файлы заголовков\Logic</Filter>
    </ClInclude>
    <ClInclude Include="Game\Game.hpp">
      <Filter>Файлы заголовков\Logic</Filter>
    </ClInclude>
    <ClInclude Include="Field\Field.hpp">
      <Filter>Файлы заголовков\Logic</Filter>
    </ClInclude>
    <ClInclude Include="WindowClasses\WindowClass.hpp">
      <Filter>Файлы заголовков\WndPart</Filter>
    </ClInclude>
    <ClInclude Include="resource.h">
      <Filter>Файлы заголовков</Filter>
    </ClInclude>
  </ItemGroup>
  <ItemGroup>
    <ClCompile Include="Source.cpp">
      <Filter>Исходные файлы</Filter>
    </ClCompile>
    <ClCompile Include="Singleton\Singleton.cpp">
      <Filter>Исходные файлы\Logic</Filter>
    </ClCompile>
    <ClCompile Include="Field\Field.cpp">
      <Filter>Исходные файлы\Logic</Filter>
    </ClCompile>
    <ClCompile Include="Game\Game.cpp">
      <Filter>Исходные файлы\Logic</Filter>
    </ClCompile>
    <ClCompile Include="Snake\Snake.cpp">
      <Filter>Исходные файлы\Logic</Filter>
    </ClCompile>
    <ClCompile Include="WindowClasses\WindowClasses.cpp">
      <Filter>Исходные файлы\WndPart</Filter>
    </ClCompile>
  </ItemGroup>
  <ItemGroup>
    <Text Include="Progress.md">
      <Filter>Файлы ресурсов</Filter>
    </Text>
  </ItemGroup>
  <ItemGroup>
    <ResourceCompile Include="Snake.rc">
      <Filter>Файлы ресурсов</Filter>
    </ResourceCompile>
  </ItemGroup>
  <ItemGroup>
    <Image Include="data\wall.bmp">
      <Filter>Файлы ресурсов</Filter>
    </Image>
    <Image Include="data\grass.bmp">
      <Filter>Файлы ресурсов</Filter>
    </Image>
    <Image Include="data\red portal\RP1.bmp">
      <Filter>Файлы ресурсов\RP</Filter>
    </Image>
    <Image Include="data\red portal\RP2.bmp">
      <Filter>Файлы ресурсов\RP</Filter>
    </Image>
    <Image Include="data\red portal\RP3.bmp">
      <Filter>Файлы ресурсов\RP</Filter>
    </Image>
    <Image Include="data\red portal\RP4.bmp">
      <Filter>Файлы ресурсов\RP</Filter>
    </Image>
    <Image Include="data\red portal\RP5.bmp">
      <Filter>Файлы ресурсов\RP</Filter>
    </Image>
    <Image Include="data\red portal\RP6.bmp">
      <Filter>Файлы ресурсов\RP</Filter>
    </Image>
    <Image Include="data\red portal\RP7.bmp">
      <Filter>Файлы ресурсов\RP</Filter>
    </Image>
    <Image Include="data\red portal\RP8.bmp">
      <Filter>Файлы ресурсов\RP</Filter>
    </Image>
    <Image Include="data\red portal\RP9.bmp">
      <Filter>Файлы ресурсов\RP</Filter>
    </Image>
    <Image Include="data\red portal\RP10.bmp">
      <Filter>Файлы ресурсов\RP</Filter>
    </Image>
    <Image Include="data\red portal\RP11.bmp">
      <Filter>Файлы ресурсов\RP</Filter>
    </Image>
    <Image Include="data\blue portal\BP1.bmp">
      <Filter>Файлы ресурсов\BP</Filter>
    </Image>
    <Image Include="data\blue portal\BP2.bmp">
      <Filter>Файлы ресурсов\BP</Filter>
    </Image>
    <Image Include="data\blue portal\BP3.bmp">
      <Filter>Файлы ресурсов\BP</Filter>
    </Image>
    <Image Include="data\blue portal\BP4.bmp">
      <Filter>Файлы ресурсов\BP</Filter>
    </Image>
    <Image Include="data\blue portal\BP5.bmp">
      <Filter>Файлы ресурсов\BP</Filter>
    </Image>
    <Image Include="data\blue portal\BP6.bmp">
      <Filter>Файлы ресурсов\BP</Filter>
    </Image>
    <Image Include="data\blue portal\BP7.bmp">
      <Filter>Файлы ресурсов\BP</Filter>
    </Image>
    <Image Include="data\blue portal\BP8.bmp">
      <Filter>Файлы ресурсов\BP</Filter>
    </Image>
    <Image Include="data\blue portal\BP9.bmp">
      <Filter>Файлы ресурсов\BP</Filter>
    </Image>
    <Image Include="data\blue portal\BP10.bmp">
      <Filter>Файлы ресурсов\BP</Filter>
    </Image>
    <Image Include="data\blue portal\BP11.bmp">
      <Filter>Файлы ресурсов\BP</Filter>
    </Image>
    <Image Include="data\snake\Snake_tail.bmp">
      <Filter>Файлы ресурсов\Snake</Filter>
    </Image>
    <Image Include="data\snake\Snake_headup.bmp">
      <Filter>Файлы ресурсов\Snake</Filter>
    </Image>
    <Image Include="data\snake\Snake_headleft.bmp">
      <Filter>Файлы ресурсов\Snake</Filter>
    </Image>
    <Image Include="data\snake\Snake_headdown.bmp">
      <Filter>Файлы ресурсов\Snake</Filter>
    </Image>
    <Image Include="data\snake\Snake_headright.bmp">
      <Filter>Файлы ресурсов\Snake</Filter>
    </Image>
    <Image Include="data\banan.bmp">
      <Filter>Файлы ресурсов\Meal</Filter>
    </Image>
    <Image Include="data\grape.bmp">
      <Filter>Файлы ресурсов\Meal</Filter>
    </Image>
    <Image Include="data\apple.bmp">
      <Filter>Файлы ресурсов\Meal</Filter>
    </Image>
  </ItemGroup>
  <ItemGroup>
    <Media Include="data\sounds\PortalSound.wav">
      <Filter>Файлы ресурсов\Sounds</Filter>
    </Media>
    <Media Include="data\sounds\Pickup1.wav">
      <Filter>Файлы ресурсов\Sounds</Filter>
    </Media>
    <Media Include="data\sounds\Pickup2.wav">
      <Filter>Файлы ресурсов\Sounds</Filter>
    </Media>
    <Media Include="data\sounds\Pickup3.wav">
      <Filter>Файлы ресурсов\Sounds</Filter>
    </Media>
    <Media Include="data\sounds\Pickup4.wav">
      <Filter>Файлы ресурсов\Sounds</Filter>
    </Media>
    <Media Include="data\sounds\Death.wav">
      <Filter>Файлы ресурсов\Sounds</Filter>
    </Media>
  </ItemGroup>
</Project>